
Microsoft Visual Studio Solution File, Format Version 12.00
# Visual Studio 2013
VisualStudioVersion = 12.0.21005.1
MinimumVisualStudioVersion = 10.0.40219.1
Project("{FAE04EC0-301F-11D3-BF4B-00C04F79EFBC}") = "Spider.Shell", "Spider.Shell\Spider.Shell.csproj", "{ACB1C916-EBB3-4A82-8D7C-DF50FC9D933A}"
EndProject
Project("{FAE04EC0-301F-11D3-BF4B-00C04F79EFBC}") = "Spider.DataAccess", "Spider.DataAccess\Spider.DataAccess.csproj", "{BFD43229-3E73-416E-B218-0ADCFA5CDF94}"
EndProject
Project("{2150E333-8FDC-42A3-9474-1A3956D46DE8}") = "Dependence", "Dependence", "{65707923-06AA-48BC-AEFC-F44286746CED}"
	ProjectSection(SolutionItems) = preProject
		Dependence\log4net.config = Dependence\log4net.config
		Dependence\log4net.dll = Dependence\log4net.dll
		Dependence\Newtonsoft.Json.dll = Dependence\Newtonsoft.Json.dll
		Dependence\Stock-Struct.db = Dependence\Stock-Struct.db
		Dependence\System.Data.SQLite.DLL = Dependence\System.Data.SQLite.DLL
	EndProjectSection
EndProject
Project("{FAE04EC0-301F-11D3-BF4B-00C04F79EFBC}") = "Spider.Models", "Spider.Models\Spider.Models.csproj", "{FFF40680-2900-4423-94C5-FF35548442A5}"
EndProject
Project("{FAE04EC0-301F-11D3-BF4B-00C04F79EFBC}") = "Spider.Common", "Spider.Common\Spider.Common.csproj", "{EBE6F800-B005-40D9-B694-36A76233E3A4}"
EndProject
Project("{FAE04EC0-301F-11D3-BF4B-00C04F79EFBC}") = "Spider.Business", "Spider.Business\Spider.Business.csproj", "{995F1208-BE30-4170-A3DB-1CB88C47C71D}"
EndProject
Global
	GlobalSection(SolutionConfigurationPlatforms) = preSolution
		Debug|Any CPU = Debug|Any CPU
		Release|Any CPU = Release|Any CPU
	EndGlobalSection
	GlobalSection(ProjectConfigurationPlatforms) = postSolution
		{ACB1C916-EBB3-4A82-8D7C-DF50FC9D933A}.Debug|Any CPU.ActiveCfg = Debug|Any CPU
		{ACB1C916-EBB3-4A82-8D7C-DF50FC9D933A}.Debug|Any CPU.Build.0 = Debug|Any CPU
		{ACB1C916-EBB3-4A82-8D7C-DF50FC9D933A}.Release|Any CPU.ActiveCfg = Release|Any CPU
		{ACB1C916-EBB3-4A82-8D7C-DF50FC9D933A}.Release|Any CPU.Build.0 = Release|Any CPU
		{BFD43229-3E73-416E-B218-0ADCFA5CDF94}.Debug|Any CPU.ActiveCfg = Debug|Any CPU
		{BFD43229-3E73-416E-B218-0ADCFA5CDF94}.Debug|Any CPU.Build.0 = Debug|Any CPU
		{BFD43229-3E73-416E-B218-0ADCFA5CDF94}.Release|Any CPU.ActiveCfg = Release|Any CPU
		{BFD43229-3E73-416E-B218-0ADCFA5CDF94}.Release|Any CPU.Build.0 = Release|Any CPU
		{FFF40680-2900-4423-94C5-FF35548442A5}.Debug|Any CPU.ActiveCfg = Debug|Any CPU
		{FFF40680-2900-4423-94C5-FF35548442A5}.Debug|Any CPU.Build.0 = Debug|Any CPU
		{FFF40680-2900-4423-94C5-FF35548442A5}.Release|Any CPU.ActiveCfg = Release|Any CPU
		{FFF40680-2900-4423-94C5-FF35548442A5}.Release|Any CPU.Build.0 = Release|Any CPU
		{EBE6F800-B005-40D9-B694-36A76233E3A4}.Debug|Any CPU.ActiveCfg = Debug|Any CPU
		{EBE6F800-B005-40D9-B694-36A76233E3A4}.Debug|Any CPU.Build.0 = Debug|Any CPU
		{EBE6F800-B005-40D9-B694-36A76233E3A4}.Release|Any CPU.ActiveCfg = Release|Any CPU
		{EBE6F800-B005-40D9-B694-36A76233E3A4}.Release|Any CPU.Build.0 = Release|Any CPU
		{995F1208-BE30-4170-A3DB-1CB88C47C71D}.Debug|Any CPU.ActiveCfg = Debug|Any CPU
		{995F1208-BE30-4170-A3DB-1CB88C47C71D}.Debug|Any CPU.Build.0 = Debug|Any CPU
		{995F1208-BE30-4170-A3DB-1CB88C47C71D}.Release|Any CPU.ActiveCfg = Release|Any CPU
		{995F1208-BE30-4170-A3DB-1CB88C47C71D}.Release|Any CPU.Build.0 = Release|Any CPU
	EndGlobalSection
	GlobalSection(SolutionProperties) = preSolution
		HideSolutionNode = FALSE
	EndGlobalSection
EndGlobal
